
Microsoft Visual Studio Solution File, Format Version 12.00
# Visual Studio Version 16
VisualStudioVersion = 16.0.30413.136
MinimumVisualStudioVersion = 10.0.40219.1
Project("{FAE04EC0-301F-11D3-BF4B-00C04F79EFBC}") = "Oefenen met Methods", "Oefenen met Methods\Oefenen met Methods.csproj", "{6237F763-AF32-498E-9A1F-7C398EACB72E}"
EndProject
Global
	GlobalSection(SolutionConfigurationPlatforms) = preSolution
		Debug|Any CPU = Debug|Any CPU
		Release|Any CPU = Release|Any CPU
	EndGlobalSection
	GlobalSection(ProjectConfigurationPlatforms) = postSolution
		{6237F763-AF32-498E-9A1F-7C398EACB72E}.Debug|Any CPU.ActiveCfg = Debug|Any CPU
		{6237F763-AF32-498E-9A1F-7C398EACB72E}.Debug|Any CPU.Build.0 = Debug|Any CPU
		{6237F763-AF32-498E-9A1F-7C398EACB72E}.Release|Any CPU.ActiveCfg = Release|Any CPU
		{6237F763-AF32-498E-9A1F-7C398EACB72E}.Release|Any CPU.Build.0 = Release|Any CPU
	EndGlobalSection
	GlobalSection(SolutionProperties) = preSolution
		HideSolutionNode = FALSE
	EndGlobalSection
	GlobalSection(ExtensibilityGlobals) = postSolution
		SolutionGuid = {016A2DAD-34BC-4BA7-B64A-197C859971E4}
	EndGlobalSection
EndGlobal
