
Microsoft Visual Studio Solution File, Format Version 12.00
# Visual Studio Version 16
VisualStudioVersion = 16.0.30413.136
MinimumVisualStudioVersion = 10.0.40219.1
Project("{FAE04EC0-301F-11D3-BF4B-00C04F79EFBC}") = "Wedstrijd - Codekraker", "Wedstrijd - Codekraker\Wedstrijd - Codekraker.csproj", "{307872A9-112B-4630-8343-812CE4999F08}"
EndProject
Global
	GlobalSection(SolutionConfigurationPlatforms) = preSolution
		Debug|Any CPU = Debug|Any CPU
		Release|Any CPU = Release|Any CPU
	EndGlobalSection
	GlobalSection(ProjectConfigurationPlatforms) = postSolution
		{307872A9-112B-4630-8343-812CE4999F08}.Debug|Any CPU.ActiveCfg = Debug|Any CPU
		{307872A9-112B-4630-8343-812CE4999F08}.Debug|Any CPU.Build.0 = Debug|Any CPU
		{307872A9-112B-4630-8343-812CE4999F08}.Release|Any CPU.ActiveCfg = Release|Any CPU
		{307872A9-112B-4630-8343-812CE4999F08}.Release|Any CPU.Build.0 = Release|Any CPU
	EndGlobalSection
	GlobalSection(SolutionProperties) = preSolution
		HideSolutionNode = FALSE
	EndGlobalSection
	GlobalSection(ExtensibilityGlobals) = postSolution
		SolutionGuid = {3C5CF151-6273-4E74-8CA2-622F5E132D70}
	EndGlobalSection
EndGlobal
