
Microsoft Visual Studio Solution File, Format Version 12.00
# Visual Studio Version 16
VisualStudioVersion = 16.0.30413.136
MinimumVisualStudioVersion = 10.0.40219.1
Project("{FAE04EC0-301F-11D3-BF4B-00C04F79EFBC}") = "basics oefenen", "basics oefenen\basics oefenen.csproj", "{191DF6A4-0532-4142-B298-987155C817CA}"
EndProject
Global
	GlobalSection(SolutionConfigurationPlatforms) = preSolution
		Debug|Any CPU = Debug|Any CPU
		Release|Any CPU = Release|Any CPU
	EndGlobalSection
	GlobalSection(ProjectConfigurationPlatforms) = postSolution
		{191DF6A4-0532-4142-B298-987155C817CA}.Debug|Any CPU.ActiveCfg = Debug|Any CPU
		{191DF6A4-0532-4142-B298-987155C817CA}.Debug|Any CPU.Build.0 = Debug|Any CPU
		{191DF6A4-0532-4142-B298-987155C817CA}.Release|Any CPU.ActiveCfg = Release|Any CPU
		{191DF6A4-0532-4142-B298-987155C817CA}.Release|Any CPU.Build.0 = Release|Any CPU
	EndGlobalSection
	GlobalSection(SolutionProperties) = preSolution
		HideSolutionNode = FALSE
	EndGlobalSection
	GlobalSection(ExtensibilityGlobals) = postSolution
		SolutionGuid = {C8922BF6-D59D-40F6-A5D0-ECF65C3B5A0F}
	EndGlobalSection
EndGlobal
